
Microsoft Visual Studio Solution File, Format Version 12.00
# Visual Studio Version 17
VisualStudioVersion = 17.9.34616.47
MinimumVisualStudioVersion = 10.0.40219.1
Project("{8BC9CEB8-8B4A-11D0-8D11-00A0C91BC942}") = "KM", "KM\KM.vcxproj", "{DAD09BB6-BD5E-4E6B-88E0-957BFC66578A}"
EndProject
Project("{8BC9CEB8-8B4A-11D0-8D11-00A0C91BC942}") = "UM", "UM\UM.vcxproj", "{E5188B90-EF9F-402D-A68B-A5E21F1435C9}"
EndProject
Global
	GlobalSection(SolutionConfigurationPlatforms) = preSolution
		Debug|ARM64 = Debug|ARM64
		Debug|x64 = Debug|x64
		Debug|x86 = Debug|x86
		Release|ARM64 = Release|ARM64
		Release|x64 = Release|x64
		Release|x86 = Release|x86
	EndGlobalSection
	GlobalSection(ProjectConfigurationPlatforms) = postSolution
		{DAD09BB6-BD5E-4E6B-88E0-957BFC66578A}.Debug|ARM64.ActiveCfg = Debug|ARM64
		{DAD09BB6-BD5E-4E6B-88E0-957BFC66578A}.Debug|ARM64.Build.0 = Debug|ARM64
		{DAD09BB6-BD5E-4E6B-88E0-957BFC66578A}.Debug|ARM64.Deploy.0 = Debug|ARM64
		{DAD09BB6-BD5E-4E6B-88E0-957BFC66578A}.Debug|x64.ActiveCfg = Debug|x64
		{DAD09BB6-BD5E-4E6B-88E0-957BFC66578A}.Debug|x64.Build.0 = Debug|x64
		{DAD09BB6-BD5E-4E6B-88E0-957BFC66578A}.Debug|x64.Deploy.0 = Debug|x64
		{DAD09BB6-BD5E-4E6B-88E0-957BFC66578A}.Debug|x86.ActiveCfg = Debug|x64
		{DAD09BB6-BD5E-4E6B-88E0-957BFC66578A}.Debug|x86.Build.0 = Debug|x64
		{DAD09BB6-BD5E-4E6B-88E0-957BFC66578A}.Debug|x86.Deploy.0 = Debug|x64
		{DAD09BB6-BD5E-4E6B-88E0-957BFC66578A}.Release|ARM64.ActiveCfg = Release|ARM64
		{DAD09BB6-BD5E-4E6B-88E0-957BFC66578A}.Release|ARM64.Build.0 = Release|ARM64
		{DAD09BB6-BD5E-4E6B-88E0-957BFC66578A}.Release|ARM64.Deploy.0 = Release|ARM64
		{DAD09BB6-BD5E-4E6B-88E0-957BFC66578A}.Release|x64.ActiveCfg = Release|x64
		{DAD09BB6-BD5E-4E6B-88E0-957BFC66578A}.Release|x64.Build.0 = Release|x64
		{DAD09BB6-BD5E-4E6B-88E0-957BFC66578A}.Release|x64.Deploy.0 = Release|x64
		{DAD09BB6-BD5E-4E6B-88E0-957BFC66578A}.Release|x86.ActiveCfg = Release|x64
		{DAD09BB6-BD5E-4E6B-88E0-957BFC66578A}.Release|x86.Build.0 = Release|x64
		{DAD09BB6-BD5E-4E6B-88E0-957BFC66578A}.Release|x86.Deploy.0 = Release|x64
		{E5188B90-EF9F-402D-A68B-A5E21F1435C9}.Debug|ARM64.ActiveCfg = Debug|x64
		{E5188B90-EF9F-402D-A68B-A5E21F1435C9}.Debug|ARM64.Build.0 = Debug|x64
		{E5188B90-EF9F-402D-A68B-A5E21F1435C9}.Debug|x64.ActiveCfg = Debug|x64
		{E5188B90-EF9F-402D-A68B-A5E21F1435C9}.Debug|x64.Build.0 = Debug|x64
		{E5188B90-EF9F-402D-A68B-A5E21F1435C9}.Debug|x86.ActiveCfg = Debug|Win32
		{E5188B90-EF9F-402D-A68B-A5E21F1435C9}.Debug|x86.Build.0 = Debug|Win32
		{E5188B90-EF9F-402D-A68B-A5E21F1435C9}.Release|ARM64.ActiveCfg = Release|x64
		{E5188B90-EF9F-402D-A68B-A5E21F1435C9}.Release|ARM64.Build.0 = Release|x64
		{E5188B90-EF9F-402D-A68B-A5E21F1435C9}.Release|x64.ActiveCfg = Release|x64
		{E5188B90-EF9F-402D-A68B-A5E21F1435C9}.Release|x64.Build.0 = Release|x64
		{E5188B90-EF9F-402D-A68B-A5E21F1435C9}.Release|x86.ActiveCfg = Release|Win32
		{E5188B90-EF9F-402D-A68B-A5E21F1435C9}.Release|x86.Build.0 = Release|Win32
	EndGlobalSection
	GlobalSection(SolutionProperties) = preSolution
		HideSolutionNode = FALSE
	EndGlobalSection
	GlobalSection(ExtensibilityGlobals) = postSolution
		SolutionGuid = {94EF95B7-54CE-4A8D-B00F-922EC7CB7E4F}
	EndGlobalSection
EndGlobal
